
Microsoft Visual Studio Solution File, Format Version 12.00
Project("{FAE04EC0-301F-11D3-BF4B-00C04F79EFBC}") = "Services", "src\Services\Services.csproj", "{55E0ED14-80C4-4DAC-AFF6-A6F665CB3E0E}"
EndProject
Project("{FAE04EC0-301F-11D3-BF4B-00C04F79EFBC}") = "DataSource", "src\DataSource\DataSource.csproj", "{63880FBF-AF47-410B-943F-156AB877CAEA}"
EndProject
Project("{2150E333-8FDC-42A3-9474-1A3956D46DE8}") = "tests", "tests", "{A36AC865-A956-48AF-8E41-5F2F15A2F7F5}"
EndProject
Project("{2150E333-8FDC-42A3-9474-1A3956D46DE8}") = "src", "src", "{CAA042E0-167A-42B7-9D62-6A0C0BC35109}"
EndProject
Project("{FAE04EC0-301F-11D3-BF4B-00C04F79EFBC}") = "Configuration", "src\Configuration\Configuration.csproj", "{7E43C00C-4CC7-4515-9E27-2DDA51F42DD2}"
EndProject
Project("{FAE04EC0-301F-11D3-BF4B-00C04F79EFBC}") = "Datasource.Tests", "tests\Datasource.Tests\Datasource.Tests.csproj", "{9953C588-4685-4F27-A79C-5A6C54B5647B}"
EndProject
Project("{2150E333-8FDC-42A3-9474-1A3956D46DE8}") = "core", "core", "{FAC9BDF9-B6BB-4166-9681-DEDDA18C1551}"
EndProject
Project("{FAE04EC0-301F-11D3-BF4B-00C04F79EFBC}") = "DependencyInjection", "src\Core\DependencyInjection\DependencyInjection.csproj", "{A6481D44-6C9F-4CDA-B7A2-A25CD6F378E9}"
EndProject
Project("{FAE04EC0-301F-11D3-BF4B-00C04F79EFBC}") = "Common", "src\Common\Common.csproj", "{E97B828E-504D-4566-9F3A-DA7434EE0B06}"
EndProject
Project("{FAE04EC0-301F-11D3-BF4B-00C04F79EFBC}") = "Models", "src\Models\Models.csproj", "{61AF2CB6-168C-4EE1-B7B6-4FB13E0B76CB}"
EndProject
Global
	GlobalSection(SolutionConfigurationPlatforms) = preSolution
		Debug|Any CPU = Debug|Any CPU
		Release|Any CPU = Release|Any CPU
	EndGlobalSection
	GlobalSection(ProjectConfigurationPlatforms) = postSolution
		{55E0ED14-80C4-4DAC-AFF6-A6F665CB3E0E}.Debug|Any CPU.ActiveCfg = Debug|Any CPU
		{55E0ED14-80C4-4DAC-AFF6-A6F665CB3E0E}.Debug|Any CPU.Build.0 = Debug|Any CPU
		{55E0ED14-80C4-4DAC-AFF6-A6F665CB3E0E}.Release|Any CPU.ActiveCfg = Release|Any CPU
		{55E0ED14-80C4-4DAC-AFF6-A6F665CB3E0E}.Release|Any CPU.Build.0 = Release|Any CPU
		{63880FBF-AF47-410B-943F-156AB877CAEA}.Debug|Any CPU.ActiveCfg = Debug|Any CPU
		{63880FBF-AF47-410B-943F-156AB877CAEA}.Debug|Any CPU.Build.0 = Debug|Any CPU
		{63880FBF-AF47-410B-943F-156AB877CAEA}.Release|Any CPU.ActiveCfg = Release|Any CPU
		{63880FBF-AF47-410B-943F-156AB877CAEA}.Release|Any CPU.Build.0 = Release|Any CPU
		{7E43C00C-4CC7-4515-9E27-2DDA51F42DD2}.Debug|Any CPU.ActiveCfg = Debug|Any CPU
		{7E43C00C-4CC7-4515-9E27-2DDA51F42DD2}.Debug|Any CPU.Build.0 = Debug|Any CPU
		{7E43C00C-4CC7-4515-9E27-2DDA51F42DD2}.Release|Any CPU.ActiveCfg = Release|Any CPU
		{7E43C00C-4CC7-4515-9E27-2DDA51F42DD2}.Release|Any CPU.Build.0 = Release|Any CPU
		{9953C588-4685-4F27-A79C-5A6C54B5647B}.Debug|Any CPU.ActiveCfg = Debug|Any CPU
		{9953C588-4685-4F27-A79C-5A6C54B5647B}.Debug|Any CPU.Build.0 = Debug|Any CPU
		{9953C588-4685-4F27-A79C-5A6C54B5647B}.Release|Any CPU.ActiveCfg = Release|Any CPU
		{9953C588-4685-4F27-A79C-5A6C54B5647B}.Release|Any CPU.Build.0 = Release|Any CPU
		{A6481D44-6C9F-4CDA-B7A2-A25CD6F378E9}.Debug|Any CPU.ActiveCfg = Debug|Any CPU
		{A6481D44-6C9F-4CDA-B7A2-A25CD6F378E9}.Debug|Any CPU.Build.0 = Debug|Any CPU
		{A6481D44-6C9F-4CDA-B7A2-A25CD6F378E9}.Release|Any CPU.ActiveCfg = Release|Any CPU
		{A6481D44-6C9F-4CDA-B7A2-A25CD6F378E9}.Release|Any CPU.Build.0 = Release|Any CPU
		{E97B828E-504D-4566-9F3A-DA7434EE0B06}.Debug|Any CPU.ActiveCfg = Debug|Any CPU
		{E97B828E-504D-4566-9F3A-DA7434EE0B06}.Debug|Any CPU.Build.0 = Debug|Any CPU
		{E97B828E-504D-4566-9F3A-DA7434EE0B06}.Release|Any CPU.ActiveCfg = Release|Any CPU
		{E97B828E-504D-4566-9F3A-DA7434EE0B06}.Release|Any CPU.Build.0 = Release|Any CPU
		{61AF2CB6-168C-4EE1-B7B6-4FB13E0B76CB}.Debug|Any CPU.ActiveCfg = Debug|Any CPU
		{61AF2CB6-168C-4EE1-B7B6-4FB13E0B76CB}.Debug|Any CPU.Build.0 = Debug|Any CPU
		{61AF2CB6-168C-4EE1-B7B6-4FB13E0B76CB}.Release|Any CPU.ActiveCfg = Release|Any CPU
		{61AF2CB6-168C-4EE1-B7B6-4FB13E0B76CB}.Release|Any CPU.Build.0 = Release|Any CPU
	EndGlobalSection
	GlobalSection(NestedProjects) = preSolution
		{63880FBF-AF47-410B-943F-156AB877CAEA} = {CAA042E0-167A-42B7-9D62-6A0C0BC35109}
		{55E0ED14-80C4-4DAC-AFF6-A6F665CB3E0E} = {CAA042E0-167A-42B7-9D62-6A0C0BC35109}
		{7E43C00C-4CC7-4515-9E27-2DDA51F42DD2} = {CAA042E0-167A-42B7-9D62-6A0C0BC35109}
		{9953C588-4685-4F27-A79C-5A6C54B5647B} = {A36AC865-A956-48AF-8E41-5F2F15A2F7F5}
		{FAC9BDF9-B6BB-4166-9681-DEDDA18C1551} = {CAA042E0-167A-42B7-9D62-6A0C0BC35109}
		{A6481D44-6C9F-4CDA-B7A2-A25CD6F378E9} = {FAC9BDF9-B6BB-4166-9681-DEDDA18C1551}
		{E97B828E-504D-4566-9F3A-DA7434EE0B06} = {CAA042E0-167A-42B7-9D62-6A0C0BC35109}
		{61AF2CB6-168C-4EE1-B7B6-4FB13E0B76CB} = {CAA042E0-167A-42B7-9D62-6A0C0BC35109}
	EndGlobalSection
EndGlobal
